
Microsoft Visual Studio Solution File, Format Version 12.00
# Visual Studio Version 17
VisualStudioVersion = 17.2.32602.215
MinimumVisualStudioVersion = 10.0.40219.1
Project("{FAE04EC0-301F-11D3-BF4B-00C04F79EFBC}") = "ChronicConditions", "ChronicConditions\ChronicConditions.csproj", "{11E6D2A4-95B9-457F-B4A6-40CAC0A83DA4}"
EndProject
Global
	GlobalSection(SolutionConfigurationPlatforms) = preSolution
		Debug|Any CPU = Debug|Any CPU
		Release|Any CPU = Release|Any CPU
	EndGlobalSection
	GlobalSection(ProjectConfigurationPlatforms) = postSolution
		{11E6D2A4-95B9-457F-B4A6-40CAC0A83DA4}.Debug|Any CPU.ActiveCfg = Debug|Any CPU
		{11E6D2A4-95B9-457F-B4A6-40CAC0A83DA4}.Debug|Any CPU.Build.0 = Debug|Any CPU
		{11E6D2A4-95B9-457F-B4A6-40CAC0A83DA4}.Release|Any CPU.ActiveCfg = Release|Any CPU
		{11E6D2A4-95B9-457F-B4A6-40CAC0A83DA4}.Release|Any CPU.Build.0 = Release|Any CPU
	EndGlobalSection
	GlobalSection(SolutionProperties) = preSolution
		HideSolutionNode = FALSE
	EndGlobalSection
	GlobalSection(ExtensibilityGlobals) = postSolution
		SolutionGuid = {C37551BA-C147-4BE6-98AF-E4DA592B0E1A}
	EndGlobalSection
EndGlobal
